// !$*UTF8*$!
{
	archiveVersion = 1;
	classes = {
	};
	objectVersion = 46;
	objects = {

/* Begin PBXBuildFile section */
		9AA0AB8D1D90DE51005207CB /* AppDelegate.swift in Sources */ = {isa = PBXBuildFile; fileRef = 9AA0AB8C1D90DE51005207CB /* AppDelegate.swift */; };
		9AA0AB8F1D90DE51005207CB /* ViewController.swift in Sources */ = {isa = PBXBuildFile; fileRef = 9AA0AB8E1D90DE51005207CB /* ViewController.swift */; };
		9AA0AB921D90DE51005207CB /* Main.storyboard in Resources */ = {isa = PBXBuildFile; fileRef = 9AA0AB901D90DE51005207CB /* Main.storyboard */; };
		9AA0AB941D90DE51005207CB /* Assets.xcassets in Resources */ = {isa = PBXBuildFile; fileRef = 9AA0AB931D90DE51005207CB /* Assets.xcassets */; };
		9AA0AB971D90DE51005207CB /* LaunchScreen.storyboard in Resources */ = {isa = PBXBuildFile; fileRef = 9AA0AB951D90DE51005207CB /* LaunchScreen.storyboard */; };
		9AA0AB9F1D90F2DF005207CB /* unitsList.plist in Resources */ = {isa = PBXBuildFile; fileRef = 9AA0AB9E1D90F2DF005207CB /* unitsList.plist */; };
/* End PBXBuildFile section */

/* Begin PBXFileReference section */
		9AA0AB891D90DE51005207CB /* Do_UnitConverter.app */ = {isa = PBXFileReference; explicitFileType = wrapper.application; includeInIndex = 0; path = Do_UnitConverter.app; sourceTree = BUILT_PRODUCTS_DIR; };
		9AA0AB8C1D90DE51005207CB /* AppDelegate.swift */ = {isa = PBXFileReference; lastKnownFileType = sourcecode.swift; path = AppDelegate.swift; sourceTree = "<group>"; };
		9AA0AB8E1D90DE51005207CB /* ViewController.swift */ = {isa = PBXFileReference; lastKnownFileType = sourcecode.swift; path = ViewController.swift; sourceTree = "<group>"; };
		9AA0AB911D90DE51005207CB /* Base */ = {isa = PBXFileReference; lastKnownFileType = file.storyboard; name = Base; path = Base.lproj/Main.storyboard; sourceTree = "<group>"; };
		9AA0AB931D90DE51005207CB /* Assets.xcassets */ = {isa = PBXFileReference; lastKnownFileType = folder.assetcatalog; path = Assets.xcassets; sourceTree = "<group>"; };
		9AA0AB961D90DE51005207CB /* Base */ = {isa = PBXFileReference; lastKnownFileType = file.storyboard; name = Base; path = Base.lproj/LaunchScreen.storyboard; sourceTree = "<group>"; };
		9AA0AB981D90DE51005207CB /* Info.plist */ = {isa = PBXFileReference; lastKnownFileType = text.plist.xml; path = Info.plist; sourceTree = "<group>"; };
		9AA0AB9E1D90F2DF005207CB /* unitsList.plist */ = {isa = PBXFileReference; fileEncoding = 4; lastKnownFileType = text.plist.xml; path = unitsList.plist; sourceTree = "<group>"; };
/* End PBXFileReference section */

/* Begin PBXFrameworksBuildPhase section */
		9AA0AB861D90DE51005207CB /* Frameworks */ = {
			isa = PBXFrameworksBuildPhase;
			buildActionMask = 2147483647;
			files = (
			);
			runOnlyForDeploymentPostprocessing = 0;
		};
/* End PBXFrameworksBuildPhase section */

/* Begin PBXGroup section */
		9AA0AB801D90DE51005207CB = {
			isa = PBXGroup;
			children = (
				9AA0AB8B1D90DE51005207CB /* Do_UnitConverter */,
				9AA0AB8A1D90DE51005207CB /* Products */,
			);
			sourceTree = "<group>";
		};
		9AA0AB8A1D90DE51005207CB /* Products */ = {
			isa = PBXGroup;
			children = (
				9AA0AB891D90DE51005207CB /* Do_UnitConverter.app */,
			);
			name = Products;
			sourceTree = "<group>";
		};
		9AA0AB8B1D90DE51005207CB /* Do_UnitConverter */ = {
			isa = PBXGroup;
			children = (
				9AA0AB9E1D90F2DF005207CB /* unitsList.plist */,
				9AA0AB8C1D90DE51005207CB /* AppDelegate.swift */,
				9AA0AB8E1D90DE51005207CB /* ViewController.swift */,
				9AA0AB901D90DE51005207CB /* Main.storyboard */,
				9AA0AB931D90DE51005207CB /* Assets.xcassets */,
				9AA0AB951D90DE51005207CB /* LaunchScreen.storyboard */,
				9AA0AB981D90DE51005207CB /* Info.plist */,
			);
			path = Do_UnitConverter;
			sourceTree = "<group>";
		};
/* End PBXGroup section */

/* Begin PBXNativeTarget section */
		9AA0AB881D90DE51005207CB /* Do_UnitConverter */ = {
			isa = PBXNativeTarget;
			buildConfigurationList = 9AA0AB9B1D90DE51005207CB /* Build configuration list for PBXNativeTarget "Do_UnitConverter" */;
			buildPhases = (
				9AA0AB851D90DE51005207CB /* Sources */,
				9AA0AB861D90DE51005207CB /* Frameworks */,
				9AA0AB871D90DE51005207CB /* Resources */,
			);
			buildRules = (
			);
			dependencies = (
			);
			name = Do_UnitConverter;
			productName = Do_UnitConverter;
			productReference = 9AA0AB891D90DE51005207CB /* Do_UnitConverter.app */;
			productType = "com.apple.product-type.application";
		};
/* End PBXNativeTarget section */

/* Begin PBXProject section */
		9AA0AB811D90DE51005207CB /* Project object */ = {
			isa = PBXProject;
			attributes = {
				LastSwiftUpdateCheck = 0730;
				LastUpgradeCheck = 0730;
				ORGANIZATIONNAME = "Do, Bao";
				TargetAttributes = {
					9AA0AB881D90DE51005207CB = {
						CreatedOnToolsVersion = 7.3.1;
					};
				};
			};
			buildConfigurationList = 9AA0AB841D90DE51005207CB /* Build configuration list for PBXProject "Do_UnitConverter" */;
			compatibilityVersion = "Xcode 3.2";
			developmentRegion = English;
			hasScannedForEncodings = 0;
			knownRegions = (
				en,
				Base,
			);
			mainGroup = 9AA0AB801D90DE51005207CB;
			productRefGroup = 9AA0AB8A1D90DE51005207CB /* Products */;
			projectDirPath = "";
			projectRoot = "";
			targets = (
				9AA0AB881D90DE51005207CB /* Do_UnitConverter */,
			);
		};
/* End PBXProject section */

/* Begin PBXResourcesBuildPhase section */
		9AA0AB871D90DE51005207CB /* Resources */ = {
			isa = PBXResourcesBuildPhase;
			buildActionMask = 2147483647;
			files = (
				9AA0AB9F1D90F2DF005207CB /* unitsList.plist in Resources */,
				9AA0AB971D90DE51005207CB /* LaunchScreen.storyboard in Resources */,
				9AA0AB941D90DE51005207CB /* Assets.xcassets in Resources */,
				9AA0AB921D90DE51005207CB /* Main.storyboard in Resources */,
			);
			runOnlyForDeploymentPostprocessing = 0;
		};
/* End PBXResourcesBuildPhase section */

/* Begin PBXSourcesBuildPhase section */
		9AA0AB851D90DE51005207CB /* Sources */ = {
			isa = PBXSourcesBuildPhase;
			buildActionMask = 2147483647;
			files = (
				9AA0AB8F1D90DE51005207CB /* ViewController.swift in Sources */,
				9AA0AB8D1D90DE51005207CB /* AppDelegate.swift in Sources */,
			);
			runOnlyForDeploymentPostprocessing = 0;
		};
/* End PBXSourcesBuildPhase section */

/* Begin PBXVariantGroup section */
		9AA0AB901D90DE51005207CB /* Main.storyboard */ = {
			isa = PBXVariantGroup;
			children = (
				9AA0AB911D90DE51005207CB /* Base */,
			);
			name = Main.storyboard;
			sourceTree = "<group>";
		};
		9AA0AB951D90DE51005207CB /* LaunchScreen.storyboard */ = {
			isa = PBXVariantGroup;
			children = (
				9AA0AB961D90DE51005207CB /* Base */,
			);
			name = LaunchScreen.storyboard;
			sourceTree = "<group>";
		};
/* End PBXVariantGroup section */

/* Begin XCBuildConfiguration section */
		9AA0AB991D90DE51005207CB /* Debug */ = {
			isa = XCBuildConfiguration;
			buildSettings = {
				ALWAYS_SEARCH_USER_PATHS = NO;
				CLANG_ANALYZER_NONNULL = YES;
				CLANG_CXX_LANGUAGE_STANDARD = "gnu++0x";
				CLANG_CXX_LIBRARY = "libc++";
				CLANG_ENABLE_MODULES = YES;
				CLANG_ENABLE_OBJC_ARC = YES;
				CLANG_WARN_BOOL_CONVERSION = YES;
				CLANG_WARN_CONSTANT_CONVERSION = YES;
				CLANG_WARN_DIRECT_OBJC_ISA_USAGE = YES_ERROR;
				CLANG_WARN_EMPTY_BODY = YES;
				CLANG_WARN_ENUM_CONVERSION = YES;
				CLANG_WARN_INT_CONVERSION = YES;
				CLANG_WARN_OBJC_ROOT_CLASS = YES_ERROR;
				CLANG_WARN_UNREACHABLE_CODE = YES;
				CLANG_WARN__DUPLICATE_METHOD_MATCH = YES;
				"CODE_SIGN_IDENTITY[sdk=iphoneos*]" = "iPhone Developer";
				COPY_PHASE_STRIP = NO;
				DEBUG_INFORMATION_FORMAT = dwarf;
				ENABLE_STRICT_OBJC_MSGSEND = YES;
				ENABLE_TESTABILITY = YES;
				GCC_C_LANGUAGE_STANDARD = gnu99;
				GCC_DYNAMIC_NO_PIC = NO;
				GCC_NO_COMMON_BLOCKS = YES;
				GCC_OPTIMIZATION_LEVEL = 0;
				GCC_PREPROCESSOR_DEFINITIONS = (
					"DEBUG=1",
					"$(inherited)",
				);
				GCC_WARN_64_TO_32_BIT_CONVERSION = YES;
				GCC_WARN_ABOUT_RETURN_TYPE = YES_ERROR;
				GCC_WARN_UNDECLARED_SELECTOR = YES;
				GCC_WARN_UNINITIALIZED_AUTOS = YES_AGGRESSIVE;
				GCC_WARN_UNUSED_FUNCTION = YES;
				GCC_WARN_UNUSED_VARIABLE = YES;
				IPHONEOS_DEPLOYMENT_TARGET = 9.3;
				MTL_ENABLE_DEBUG_INFO = YES;
				ONLY_ACTIVE_ARCH = YES;
				SDKROOT = iphoneos;
				SWIFT_OPTIMIZATION_LEVEL = "-Onone";
			};
			name = Debug;
		};
		9AA0AB9A1D90DE51005207CB /* Release */ = {
			isa = XCBuildConfiguration;
			buildSettings = {
				ALWAYS_SEARCH_USER_PATHS = NO;
				CLANG_ANALYZER_NONNULL = YES;
				CLANG_CXX_LANGUAGE_STANDARD = "gnu++0x";
				CLANG_CXX_LIBRARY = "libc++";
				CLANG_ENABLE_MODULES = YES;
				CLANG_ENABLE_OBJC_ARC = YES;
				CLANG_WARN_BOOL_CONVERSION = YES;
				CLANG_WARN_CONSTANT_CONVERSION = YES;
				CLANG_WARN_DIRECT_OBJC_ISA_USAGE = YES_ERROR;
				CLANG_WARN_EMPTY_BODY = YES;
				CLANG_WARN_ENUM_CONVERSION = YES;
				CLANG_WARN_INT_CONVERSION = YES;
				CLANG_WARN_OBJC_ROOT_CLASS = YES_ERROR;
				CLANG_WARN_UNREACHABLE_CODE = YES;
				CLANG_WARN__DUPLICATE_METHOD_MATCH = YES;
				"CODE_SIGN_IDENTITY[sdk=iphoneos*]" = "iPhone Developer";
				COPY_PHASE_STRIP = NO;
				DEBUG_INFORMATION_FORMAT = "dwarf-with-dsym";
				ENABLE_NS_ASSERTIONS = NO;
				ENABLE_STRICT_OBJC_MSGSEND = YES;
				GCC_C_LANGUAGE_STANDARD = gnu99;
				GCC_NO_COMMON_BLOCKS = YES;
				GCC_WARN_64_TO_32_BIT_CONVERSION = YES;
				GCC_WARN_ABOUT_RETURN_TYPE = YES_ERROR;
				GCC_WARN_UNDECLARED_SELECTOR = YES;
				GCC_WARN_UNINITIALIZED_AUTOS = YES_AGGRESSIVE;
				GCC_WARN_UNUSED_FUNCTION = YES;
				GCC_WARN_UNUSED_VARIABLE = YES;
				IPHONEOS_DEPLOYMENT_TARGET = 9.3;
				MTL_ENABLE_DEBUG_INFO = NO;
				SDKROOT = iphoneos;
				VALIDATE_PRODUCT = YES;
			};
			name = Release;
		};
		9AA0AB9C1D90DE51005207CB /* Debug */ = {
			isa = XCBuildConfiguration;
			buildSettings = {
				ASSETCATALOG_COMPILER_APPICON_NAME = AppIcon;
				INFOPLIST_FILE = Do_UnitConverter/Info.plist;
				LD_RUNPATH_SEARCH_PATHS = "$(inherited) @executable_path/Frameworks";
				PRODUCT_BUNDLE_IDENTIFIER = "Bao.Do-UnitConverter";
				PRODUCT_NAME = "$(TARGET_NAME)";
			};
			name = Debug;
		};
		9AA0AB9D1D90DE51005207CB /* Release */ = {
			isa = XCBuildConfiguration;
			buildSettings = {
				ASSETCATALOG_COMPILER_APPICON_NAME = AppIcon;
				INFOPLIST_FILE = Do_UnitConverter/Info.plist;
				LD_RUNPATH_SEARCH_PATHS = "$(inherited) @executable_path/Frameworks";
				PRODUCT_BUNDLE_IDENTIFIER = "Bao.Do-UnitConverter";
				PRODUCT_NAME = "$(TARGET_NAME)";
			};
			name = Release;
		};
/* End XCBuildConfiguration section */

/* Begin XCConfigurationList section */
		9AA0AB841D90DE51005207CB /* Build configuration list for PBXProject "Do_UnitConverter" */ = {
			isa = XCConfigurationList;
			buildConfigurations = (
				9AA0AB991D90DE51005207CB /* Debug */,
				9AA0AB9A1D90DE51005207CB /* Release */,
			);
			defaultConfigurationIsVisible = 0;
			defaultConfigurationName = Release;
		};
		9AA0AB9B1D90DE51005207CB /* Build configuration list for PBXNativeTarget "Do_UnitConverter" */ = {
			isa = XCConfigurationList;
			buildConfigurations = (
				9AA0AB9C1D90DE51005207CB /* Debug */,
				9AA0AB9D1D90DE51005207CB /* Release */,
			);
			defaultConfigurationIsVisible = 0;
		};
/* End XCConfigurationList section */
	};
	rootObject = 9AA0AB811D90DE51005207CB /* Project object */;
}
